
Microsoft Visual Studio Solution File, Format Version 12.00
# Visual Studio Version 16
VisualStudioVersion = 16.0.30523.141
MinimumVisualStudioVersion = 10.0.40219.1
Project("{FAE04EC0-301F-11D3-BF4B-00C04F79EFBC}") = "TourManagement", "TourManagement\TourManagement.csproj", "{59C1979A-1742-4B35-B2B7-21B08D3AFFAC}"
EndProject
Global
	GlobalSection(SolutionConfigurationPlatforms) = preSolution
		Debug|Any CPU = Debug|Any CPU
		Release|Any CPU = Release|Any CPU
	EndGlobalSection
	GlobalSection(ProjectConfigurationPlatforms) = postSolution
		{59C1979A-1742-4B35-B2B7-21B08D3AFFAC}.Debug|Any CPU.ActiveCfg = Debug|Any CPU
		{59C1979A-1742-4B35-B2B7-21B08D3AFFAC}.Debug|Any CPU.Build.0 = Debug|Any CPU
		{59C1979A-1742-4B35-B2B7-21B08D3AFFAC}.Release|Any CPU.ActiveCfg = Release|Any CPU
		{59C1979A-1742-4B35-B2B7-21B08D3AFFAC}.Release|Any CPU.Build.0 = Release|Any CPU
	EndGlobalSection
	GlobalSection(SolutionProperties) = preSolution
		HideSolutionNode = FALSE
	EndGlobalSection
	GlobalSection(ExtensibilityGlobals) = postSolution
		SolutionGuid = {CC633F49-4B2C-4F37-BFD7-E8A4F5BE826E}
	EndGlobalSection
EndGlobal
